
Microsoft Visual Studio Solution File, Format Version 12.00
# Visual Studio Version 16
VisualStudioVersion = 16.0.30320.27
MinimumVisualStudioVersion = 10.0.40219.1
Project("{FAE04EC0-301F-11D3-BF4B-00C04F79EFBC}") = "DemoCalculatorTest", "DemoCalculatorTest\DemoCalculatorTest.csproj", "{73ED361D-A7D2-4AF1-BD98-C1F9FB6628F6}"
EndProject
Project("{FAE04EC0-301F-11D3-BF4B-00C04F79EFBC}") = "DemoCalculatorLib", "..\DemoCalculatorLib\DemoCalculatorLib\DemoCalculatorLib.csproj", "{A033DB6F-A723-4BE9-AE50-C936B0F5BFB9}"
EndProject
Global
	GlobalSection(SolutionConfigurationPlatforms) = preSolution
		Debug|Any CPU = Debug|Any CPU
		Release|Any CPU = Release|Any CPU
	EndGlobalSection
	GlobalSection(ProjectConfigurationPlatforms) = postSolution
		{73ED361D-A7D2-4AF1-BD98-C1F9FB6628F6}.Debug|Any CPU.ActiveCfg = Debug|Any CPU
		{73ED361D-A7D2-4AF1-BD98-C1F9FB6628F6}.Debug|Any CPU.Build.0 = Debug|Any CPU
		{73ED361D-A7D2-4AF1-BD98-C1F9FB6628F6}.Release|Any CPU.ActiveCfg = Release|Any CPU
		{73ED361D-A7D2-4AF1-BD98-C1F9FB6628F6}.Release|Any CPU.Build.0 = Release|Any CPU
		{A033DB6F-A723-4BE9-AE50-C936B0F5BFB9}.Debug|Any CPU.ActiveCfg = Debug|Any CPU
		{A033DB6F-A723-4BE9-AE50-C936B0F5BFB9}.Debug|Any CPU.Build.0 = Debug|Any CPU
		{A033DB6F-A723-4BE9-AE50-C936B0F5BFB9}.Release|Any CPU.ActiveCfg = Release|Any CPU
		{A033DB6F-A723-4BE9-AE50-C936B0F5BFB9}.Release|Any CPU.Build.0 = Release|Any CPU
	EndGlobalSection
	GlobalSection(SolutionProperties) = preSolution
		HideSolutionNode = FALSE
	EndGlobalSection
	GlobalSection(ExtensibilityGlobals) = postSolution
		SolutionGuid = {B7882DA6-1197-485D-B758-BA506D3088F3}
	EndGlobalSection
EndGlobal
