
Microsoft Visual Studio Solution File, Format Version 12.00
# Visual Studio Version 16
VisualStudioVersion = 16.0.30320.27
MinimumVisualStudioVersion = 10.0.40219.1
Project("{FAE04EC0-301F-11D3-BF4B-00C04F79EFBC}") = "MathQuiz", "MathQuiz\MathQuiz.csproj", "{BD919DBA-114F-4FE9-9DA4-87374E65A9FA}"
EndProject
Global
	GlobalSection(SolutionConfigurationPlatforms) = preSolution
		Debug|Any CPU = Debug|Any CPU
		Release|Any CPU = Release|Any CPU
	EndGlobalSection
	GlobalSection(ProjectConfigurationPlatforms) = postSolution
		{BD919DBA-114F-4FE9-9DA4-87374E65A9FA}.Debug|Any CPU.ActiveCfg = Debug|Any CPU
		{BD919DBA-114F-4FE9-9DA4-87374E65A9FA}.Debug|Any CPU.Build.0 = Debug|Any CPU
		{BD919DBA-114F-4FE9-9DA4-87374E65A9FA}.Release|Any CPU.ActiveCfg = Release|Any CPU
		{BD919DBA-114F-4FE9-9DA4-87374E65A9FA}.Release|Any CPU.Build.0 = Release|Any CPU
	EndGlobalSection
	GlobalSection(SolutionProperties) = preSolution
		HideSolutionNode = FALSE
	EndGlobalSection
	GlobalSection(ExtensibilityGlobals) = postSolution
		SolutionGuid = {30DF2E79-5810-4AEF-AB6A-8FC917B3F120}
	EndGlobalSection
EndGlobal
